github.com/charmbracelet/x/errors v0.0.0-20251117104201-863d1fef9cfb h1:C2kBKKhdG7QsYAaAb46FgvcVs7aE+EuSTeNkmcWFT8s=
github.com/charmbracelet/x/errors v0.0.0-20251117104201-863d1fef9cfb/go.mod h1:O2BTD/aMVQDmrvqroIO3fB6zXUuU07ZpVt21QTmZjRg=
golang.org/x/sys v0.38.0 h1:3yZWxaJjBmCWXqhN1qh02AkOnCQ1poK6oF+a7xWL6Gc=
golang.org/x/sys v0.38.0/go.mod h1:OgkHotnGiDImocRcuBABYBEXf8A9a87e/uXjp9XT3ks=
