github.com/charmbracelet/x/errors v0.0.0-20240117030013-d31dba354651 h1:3RXpZWGWTOeVXCTv0Dnzxdv/MhNUkBfEcbaTY0zrTQI=
github.com/charmbracelet/x/errors v0.0.0-20240117030013-d31dba354651/go.mod h1:2P0UgXMEa6TsToMSuFqKFQR+fZTO9CNGUNokkPatT/0=
golang.org/x/sys v0.17.0 h1:25cE3gD+tdBA7lp7QfhuV+rJiE9YXTcS3VG1SqssI/Y=
golang.org/x/sys v0.17.0/go.mod h1:/VUhepiaJMQUp4+oa/7Zr1D23ma6VTLIYjOOTFZPUcA=
