github.com/gorilla/websocket v1.5.3 h1:saDtZ6Pbx/0u+bgYQ3q96pZgCzfhKXGPqt7kZ72aNNg=
github.com/gorilla/websocket v1.5.3/go.mod h1:YR8l580nyteQvAITg2hZ9XVh4b55+EU/adAjf1fMHhE=
github.com/mitchellh/mapstructure v1.5.0 h1:jeMsZIYE/09sWLaz43PL7Gy6RuMjD2eJVyuac5Z2hdY=
github.com/mitchellh/mapstructure v1.5.0/go.mod h1:bFUtVrKA4DC2yAKiSyO/QUcy7e+RRV2QTWOzhPopBRo=
github.com/sourcegraph/jsonrpc2 v0.2.3 h1:0VYp5WZ2irQvRK8OKKxZAbbplj6Pmda07MXm+Mdz3GQ=
github.com/sourcegraph/jsonrpc2 v0.2.3/go.mod h1:0jBvyko0tdLpe6ntNSF/mvFalb/RPRXcmogoV47cEWc=
